// !$*UTF8*$!
{
	archiveVersion = 1;
	classes = {
	};
	objectVersion = 56;
	objects = {

/* Begin PBXBuildFile section */
		530984A32B6A620900132CEB /* MainView.swift in Sources */ = {isa = PBXBuildFile; fileRef = 530984A22B6A620800132CEB /* MainView.swift */; };
		530984A52B6A621F00132CEB /* RandomPhotoView.swift in Sources */ = {isa = PBXBuildFile; fileRef = 530984A42B6A621F00132CEB /* RandomPhotoView.swift */; };
		530984A72B6A69A700132CEB /* RecentImageCell.swift in Sources */ = {isa = PBXBuildFile; fileRef = 530984A62B6A69A700132CEB /* RecentImageCell.swift */; };
		530984A92B6A6B2500132CEB /* MainViewModel.swift in Sources */ = {isa = PBXBuildFile; fileRef = 530984A82B6A6B2500132CEB /* MainViewModel.swift */; };
		539966EA2B6B6E4400251119 /* BookmarkImageCell.swift in Sources */ = {isa = PBXBuildFile; fileRef = 539966E92B6B6E4400251119 /* BookmarkImageCell.swift */; };
		539FF1AA2B6BA8420051EC7A /* ImageCacher.swift in Sources */ = {isa = PBXBuildFile; fileRef = 539FF1A92B6BA8420051EC7A /* ImageCacher.swift */; };
		539FF1AC2B6BAC4F0051EC7A /* ImageCacheLoader.swift in Sources */ = {isa = PBXBuildFile; fileRef = 539FF1AB2B6BAC4F0051EC7A /* ImageCacheLoader.swift */; };
		539FF1AE2B6BB4B40051EC7A /* CacheImageView.swift in Sources */ = {isa = PBXBuildFile; fileRef = 539FF1AD2B6BB4B40051EC7A /* CacheImageView.swift */; };
		53CEACE82B69EB8B00A99576 /* PrographyApp.swift in Sources */ = {isa = PBXBuildFile; fileRef = 53CEACE72B69EB8B00A99576 /* PrographyApp.swift */; };
		53CEACEA2B69EB8B00A99576 /* ContentView.swift in Sources */ = {isa = PBXBuildFile; fileRef = 53CEACE92B69EB8B00A99576 /* ContentView.swift */; };
		53CEACEC2B69EB8D00A99576 /* Assets.xcassets in Resources */ = {isa = PBXBuildFile; fileRef = 53CEACEB2B69EB8D00A99576 /* Assets.xcassets */; };
		53CEACEF2B69EB8D00A99576 /* Preview Assets.xcassets in Resources */ = {isa = PBXBuildFile; fileRef = 53CEACEE2B69EB8D00A99576 /* Preview Assets.xcassets */; };
		53CEACF72B69EBB600A99576 /* PhotoDTO.swift in Sources */ = {isa = PBXBuildFile; fileRef = 53CEACF62B69EBB600A99576 /* PhotoDTO.swift */; };
		53CEAD012B69EBBE00A99576 /* HTTPPublishable.swift in Sources */ = {isa = PBXBuildFile; fileRef = 53CEACFA2B69EBBE00A99576 /* HTTPPublishable.swift */; };
		53CEAD022B69EBBE00A99576 /* UnsplashRequest.swift in Sources */ = {isa = PBXBuildFile; fileRef = 53CEACFC2B69EBBE00A99576 /* UnsplashRequest.swift */; };
		53CEAD032B69EBBE00A99576 /* HTTPRequestable.swift in Sources */ = {isa = PBXBuildFile; fileRef = 53CEACFD2B69EBBE00A99576 /* HTTPRequestable.swift */; };
		53CEAD042B69EBBE00A99576 /* HTTPServicable.swift in Sources */ = {isa = PBXBuildFile; fileRef = 53CEACFF2B69EBBE00A99576 /* HTTPServicable.swift */; };
		53CEAD052B69EBBE00A99576 /* HTTPService.swift in Sources */ = {isa = PBXBuildFile; fileRef = 53CEAD002B69EBBE00A99576 /* HTTPService.swift */; };
		53CEAD092B69EBD400A99576 /* Extension+UINavigationController.swift in Sources */ = {isa = PBXBuildFile; fileRef = 53CEAD072B69EBD400A99576 /* Extension+UINavigationController.swift */; };
		53CEAD0A2B69EBD400A99576 /* Extension+UITabBarController.swift in Sources */ = {isa = PBXBuildFile; fileRef = 53CEAD082B69EBD400A99576 /* Extension+UITabBarController.swift */; };
		53CEAD0C2B69EBF400A99576 /* PrographySecrets.xcconfig in Resources */ = {isa = PBXBuildFile; fileRef = 53CEAD0B2B69EBF400A99576 /* PrographySecrets.xcconfig */; };
/* End PBXBuildFile section */

/* Begin PBXFileReference section */
		530984A22B6A620800132CEB /* MainView.swift */ = {isa = PBXFileReference; lastKnownFileType = sourcecode.swift; path = MainView.swift; sourceTree = "<group>"; };
		530984A42B6A621F00132CEB /* RandomPhotoView.swift */ = {isa = PBXFileReference; lastKnownFileType = sourcecode.swift; path = RandomPhotoView.swift; sourceTree = "<group>"; };
		530984A62B6A69A700132CEB /* RecentImageCell.swift */ = {isa = PBXFileReference; lastKnownFileType = sourcecode.swift; path = RecentImageCell.swift; sourceTree = "<group>"; };
		530984A82B6A6B2500132CEB /* MainViewModel.swift */ = {isa = PBXFileReference; lastKnownFileType = sourcecode.swift; path = MainViewModel.swift; sourceTree = "<group>"; };
		539966E92B6B6E4400251119 /* BookmarkImageCell.swift */ = {isa = PBXFileReference; lastKnownFileType = sourcecode.swift; path = BookmarkImageCell.swift; sourceTree = "<group>"; };
		539FF1A92B6BA8420051EC7A /* ImageCacher.swift */ = {isa = PBXFileReference; lastKnownFileType = sourcecode.swift; path = ImageCacher.swift; sourceTree = "<group>"; };
		539FF1AB2B6BAC4F0051EC7A /* ImageCacheLoader.swift */ = {isa = PBXFileReference; lastKnownFileType = sourcecode.swift; path = ImageCacheLoader.swift; sourceTree = "<group>"; };
		539FF1AD2B6BB4B40051EC7A /* CacheImageView.swift */ = {isa = PBXFileReference; lastKnownFileType = sourcecode.swift; path = CacheImageView.swift; sourceTree = "<group>"; };
		53CEACE42B69EB8B00A99576 /* Prography.app */ = {isa = PBXFileReference; explicitFileType = wrapper.application; includeInIndex = 0; path = Prography.app; sourceTree = BUILT_PRODUCTS_DIR; };
		53CEACE72B69EB8B00A99576 /* PrographyApp.swift */ = {isa = PBXFileReference; lastKnownFileType = sourcecode.swift; path = PrographyApp.swift; sourceTree = "<group>"; };
		53CEACE92B69EB8B00A99576 /* ContentView.swift */ = {isa = PBXFileReference; lastKnownFileType = sourcecode.swift; path = ContentView.swift; sourceTree = "<group>"; };
		53CEACEB2B69EB8D00A99576 /* Assets.xcassets */ = {isa = PBXFileReference; lastKnownFileType = folder.assetcatalog; path = Assets.xcassets; sourceTree = "<group>"; };
		53CEACEE2B69EB8D00A99576 /* Preview Assets.xcassets */ = {isa = PBXFileReference; lastKnownFileType = folder.assetcatalog; path = "Preview Assets.xcassets"; sourceTree = "<group>"; };
		53CEACF62B69EBB600A99576 /* PhotoDTO.swift */ = {isa = PBXFileReference; fileEncoding = 4; lastKnownFileType = sourcecode.swift; path = PhotoDTO.swift; sourceTree = "<group>"; };
		53CEACFA2B69EBBE00A99576 /* HTTPPublishable.swift */ = {isa = PBXFileReference; fileEncoding = 4; lastKnownFileType = sourcecode.swift; path = HTTPPublishable.swift; sourceTree = "<group>"; };
		53CEACFC2B69EBBE00A99576 /* UnsplashRequest.swift */ = {isa = PBXFileReference; fileEncoding = 4; lastKnownFileType = sourcecode.swift; path = UnsplashRequest.swift; sourceTree = "<group>"; };
		53CEACFD2B69EBBE00A99576 /* HTTPRequestable.swift */ = {isa = PBXFileReference; fileEncoding = 4; lastKnownFileType = sourcecode.swift; path = HTTPRequestable.swift; sourceTree = "<group>"; };
		53CEACFF2B69EBBE00A99576 /* HTTPServicable.swift */ = {isa = PBXFileReference; fileEncoding = 4; lastKnownFileType = sourcecode.swift; path = HTTPServicable.swift; sourceTree = "<group>"; };
		53CEAD002B69EBBE00A99576 /* HTTPService.swift */ = {isa = PBXFileReference; fileEncoding = 4; lastKnownFileType = sourcecode.swift; path = HTTPService.swift; sourceTree = "<group>"; };
		53CEAD072B69EBD400A99576 /* Extension+UINavigationController.swift */ = {isa = PBXFileReference; fileEncoding = 4; lastKnownFileType = sourcecode.swift; path = "Extension+UINavigationController.swift"; sourceTree = "<group>"; };
		53CEAD082B69EBD400A99576 /* Extension+UITabBarController.swift */ = {isa = PBXFileReference; fileEncoding = 4; lastKnownFileType = sourcecode.swift; path = "Extension+UITabBarController.swift"; sourceTree = "<group>"; };
		53CEAD0B2B69EBF400A99576 /* PrographySecrets.xcconfig */ = {isa = PBXFileReference; fileEncoding = 4; lastKnownFileType = text.xcconfig; path = PrographySecrets.xcconfig; sourceTree = "<group>"; };
		53CEAD0D2B69EC2500A99576 /* Info.plist */ = {isa = PBXFileReference; lastKnownFileType = text.plist; path = Info.plist; sourceTree = "<group>"; };
/* End PBXFileReference section */

/* Begin PBXFrameworksBuildPhase section */
		53CEACE12B69EB8B00A99576 /* Frameworks */ = {
			isa = PBXFrameworksBuildPhase;
			buildActionMask = 2147483647;
			files = (
			);
			runOnlyForDeploymentPostprocessing = 0;
		};
/* End PBXFrameworksBuildPhase section */

/* Begin PBXGroup section */
		530984AA2B6B24E000132CEB /* VIew */ = {
			isa = PBXGroup;
			children = (
				539FF1AD2B6BB4B40051EC7A /* CacheImageView.swift */,
				53CEACE92B69EB8B00A99576 /* ContentView.swift */,
				530984A22B6A620800132CEB /* MainView.swift */,
				530984A42B6A621F00132CEB /* RandomPhotoView.swift */,
				530984AB2B6B24F000132CEB /* Cell */,
			);
			path = VIew;
			sourceTree = "<group>";
		};
		530984AB2B6B24F000132CEB /* Cell */ = {
			isa = PBXGroup;
			children = (
				539966E92B6B6E4400251119 /* BookmarkImageCell.swift */,
				530984A62B6A69A700132CEB /* RecentImageCell.swift */,
			);
			path = Cell;
			sourceTree = "<group>";
		};
		539FF1A72B6BA8200051EC7A /* Cache */ = {
			isa = PBXGroup;
			children = (
				539FF1A92B6BA8420051EC7A /* ImageCacher.swift */,
				539FF1AB2B6BAC4F0051EC7A /* ImageCacheLoader.swift */,
			);
			path = Cache;
			sourceTree = "<group>";
		};
		53CEACDB2B69EB8B00A99576 = {
			isa = PBXGroup;
			children = (
				53CEACE62B69EB8B00A99576 /* Prography */,
				53CEACE52B69EB8B00A99576 /* Products */,
			);
			sourceTree = "<group>";
		};
		53CEACE52B69EB8B00A99576 /* Products */ = {
			isa = PBXGroup;
			children = (
				53CEACE42B69EB8B00A99576 /* Prography.app */,
			);
			name = Products;
			sourceTree = "<group>";
		};
		53CEACE62B69EB8B00A99576 /* Prography */ = {
			isa = PBXGroup;
			children = (
				53CEAD0D2B69EC2500A99576 /* Info.plist */,
				53CEAD0B2B69EBF400A99576 /* PrographySecrets.xcconfig */,
				53CEAD062B69EBD400A99576 /* Extension */,
				53CEACF82B69EBBE00A99576 /* Network */,
				53CEACF52B69EBB600A99576 /* ModelDTO */,
				53CEACE72B69EB8B00A99576 /* PrographyApp.swift */,
				530984A82B6A6B2500132CEB /* MainViewModel.swift */,
				539FF1A72B6BA8200051EC7A /* Cache */,
				530984AA2B6B24E000132CEB /* VIew */,
				53CEACEB2B69EB8D00A99576 /* Assets.xcassets */,
				53CEACED2B69EB8D00A99576 /* Preview Content */,
			);
			path = Prography;
			sourceTree = "<group>";
		};
		53CEACED2B69EB8D00A99576 /* Preview Content */ = {
			isa = PBXGroup;
			children = (
				53CEACEE2B69EB8D00A99576 /* Preview Assets.xcassets */,
			);
			path = "Preview Content";
			sourceTree = "<group>";
		};
		53CEACF52B69EBB600A99576 /* ModelDTO */ = {
			isa = PBXGroup;
			children = (
				53CEACF62B69EBB600A99576 /* PhotoDTO.swift */,
			);
			path = ModelDTO;
			sourceTree = "<group>";
		};
		53CEACF82B69EBBE00A99576 /* Network */ = {
			isa = PBXGroup;
			children = (
				53CEACF92B69EBBE00A99576 /* HTTPPublisher */,
				53CEACFB2B69EBBE00A99576 /* HTTPRequest */,
				53CEACFE2B69EBBE00A99576 /* HTTPService */,
			);
			path = Network;
			sourceTree = "<group>";
		};
		53CEACF92B69EBBE00A99576 /* HTTPPublisher */ = {
			isa = PBXGroup;
			children = (
				53CEACFA2B69EBBE00A99576 /* HTTPPublishable.swift */,
			);
			path = HTTPPublisher;
			sourceTree = "<group>";
		};
		53CEACFB2B69EBBE00A99576 /* HTTPRequest */ = {
			isa = PBXGroup;
			children = (
				53CEACFC2B69EBBE00A99576 /* UnsplashRequest.swift */,
				53CEACFD2B69EBBE00A99576 /* HTTPRequestable.swift */,
			);
			path = HTTPRequest;
			sourceTree = "<group>";
		};
		53CEACFE2B69EBBE00A99576 /* HTTPService */ = {
			isa = PBXGroup;
			children = (
				53CEACFF2B69EBBE00A99576 /* HTTPServicable.swift */,
				53CEAD002B69EBBE00A99576 /* HTTPService.swift */,
			);
			path = HTTPService;
			sourceTree = "<group>";
		};
		53CEAD062B69EBD400A99576 /* Extension */ = {
			isa = PBXGroup;
			children = (
				53CEAD072B69EBD400A99576 /* Extension+UINavigationController.swift */,
				53CEAD082B69EBD400A99576 /* Extension+UITabBarController.swift */,
			);
			path = Extension;
			sourceTree = "<group>";
		};
/* End PBXGroup section */

/* Begin PBXNativeTarget section */
		53CEACE32B69EB8B00A99576 /* Prography */ = {
			isa = PBXNativeTarget;
			buildConfigurationList = 53CEACF22B69EB8D00A99576 /* Build configuration list for PBXNativeTarget "Prography" */;
			buildPhases = (
				53CEACE02B69EB8B00A99576 /* Sources */,
				53CEACE12B69EB8B00A99576 /* Frameworks */,
				53CEACE22B69EB8B00A99576 /* Resources */,
			);
			buildRules = (
			);
			dependencies = (
			);
			name = Prography;
			productName = Prography;
			productReference = 53CEACE42B69EB8B00A99576 /* Prography.app */;
			productType = "com.apple.product-type.application";
		};
/* End PBXNativeTarget section */

/* Begin PBXProject section */
		53CEACDC2B69EB8B00A99576 /* Project object */ = {
			isa = PBXProject;
			attributes = {
				BuildIndependentTargetsInParallel = 1;
				LastSwiftUpdateCheck = 1520;
				LastUpgradeCheck = 1520;
				TargetAttributes = {
					53CEACE32B69EB8B00A99576 = {
						CreatedOnToolsVersion = 15.2;
					};
				};
			};
			buildConfigurationList = 53CEACDF2B69EB8B00A99576 /* Build configuration list for PBXProject "Prography" */;
			compatibilityVersion = "Xcode 14.0";
			developmentRegion = en;
			hasScannedForEncodings = 0;
			knownRegions = (
				en,
				Base,
			);
			mainGroup = 53CEACDB2B69EB8B00A99576;
			productRefGroup = 53CEACE52B69EB8B00A99576 /* Products */;
			projectDirPath = "";
			projectRoot = "";
			targets = (
				53CEACE32B69EB8B00A99576 /* Prography */,
			);
		};
/* End PBXProject section */

/* Begin PBXResourcesBuildPhase section */
		53CEACE22B69EB8B00A99576 /* Resources */ = {
			isa = PBXResourcesBuildPhase;
			buildActionMask = 2147483647;
			files = (
				53CEAD0C2B69EBF400A99576 /* PrographySecrets.xcconfig in Resources */,
				53CEACEF2B69EB8D00A99576 /* Preview Assets.xcassets in Resources */,
				53CEACEC2B69EB8D00A99576 /* Assets.xcassets in Resources */,
			);
			runOnlyForDeploymentPostprocessing = 0;
		};
/* End PBXResourcesBuildPhase section */

/* Begin PBXSourcesBuildPhase section */
		53CEACE02B69EB8B00A99576 /* Sources */ = {
			isa = PBXSourcesBuildPhase;
			buildActionMask = 2147483647;
			files = (
				53CEACF72B69EBB600A99576 /* PhotoDTO.swift in Sources */,
				53CEACEA2B69EB8B00A99576 /* ContentView.swift in Sources */,
				539FF1AA2B6BA8420051EC7A /* ImageCacher.swift in Sources */,
				530984A52B6A621F00132CEB /* RandomPhotoView.swift in Sources */,
				539FF1AC2B6BAC4F0051EC7A /* ImageCacheLoader.swift in Sources */,
				53CEACE82B69EB8B00A99576 /* PrographyApp.swift in Sources */,
				539966EA2B6B6E4400251119 /* BookmarkImageCell.swift in Sources */,
				53CEAD022B69EBBE00A99576 /* UnsplashRequest.swift in Sources */,
				53CEAD012B69EBBE00A99576 /* HTTPPublishable.swift in Sources */,
				53CEAD092B69EBD400A99576 /* Extension+UINavigationController.swift in Sources */,
				530984A92B6A6B2500132CEB /* MainViewModel.swift in Sources */,
				53CEAD052B69EBBE00A99576 /* HTTPService.swift in Sources */,
				530984A72B6A69A700132CEB /* RecentImageCell.swift in Sources */,
				530984A32B6A620900132CEB /* MainView.swift in Sources */,
				53CEAD032B69EBBE00A99576 /* HTTPRequestable.swift in Sources */,
				539FF1AE2B6BB4B40051EC7A /* CacheImageView.swift in Sources */,
				53CEAD042B69EBBE00A99576 /* HTTPServicable.swift in Sources */,
				53CEAD0A2B69EBD400A99576 /* Extension+UITabBarController.swift in Sources */,
			);
			runOnlyForDeploymentPostprocessing = 0;
		};
/* End PBXSourcesBuildPhase section */

/* Begin XCBuildConfiguration section */
		53CEACF02B69EB8D00A99576 /* Debug */ = {
			isa = XCBuildConfiguration;
			baseConfigurationReference = 53CEAD0B2B69EBF400A99576 /* PrographySecrets.xcconfig */;
			buildSettings = {
				ALWAYS_SEARCH_USER_PATHS = NO;
				ASSETCATALOG_COMPILER_GENERATE_SWIFT_ASSET_SYMBOL_EXTENSIONS = YES;
				CLANG_ANALYZER_NONNULL = YES;
				CLANG_ANALYZER_NUMBER_OBJECT_CONVERSION = YES_AGGRESSIVE;
				CLANG_CXX_LANGUAGE_STANDARD = "gnu++20";
				CLANG_ENABLE_MODULES = YES;
				CLANG_ENABLE_OBJC_ARC = YES;
				CLANG_ENABLE_OBJC_WEAK = YES;
				CLANG_WARN_BLOCK_CAPTURE_AUTORELEASING = YES;
				CLANG_WARN_BOOL_CONVERSION = YES;
				CLANG_WARN_COMMA = YES;
				CLANG_WARN_CONSTANT_CONVERSION = YES;
				CLANG_WARN_DEPRECATED_OBJC_IMPLEMENTATIONS = YES;
				CLANG_WARN_DIRECT_OBJC_ISA_USAGE = YES_ERROR;
				CLANG_WARN_DOCUMENTATION_COMMENTS = YES;
				CLANG_WARN_EMPTY_BODY = YES;
				CLANG_WARN_ENUM_CONVERSION = YES;
				CLANG_WARN_INFINITE_RECURSION = YES;
				CLANG_WARN_INT_CONVERSION = YES;
				CLANG_WARN_NON_LITERAL_NULL_CONVERSION = YES;
				CLANG_WARN_OBJC_IMPLICIT_RETAIN_SELF = YES;
				CLANG_WARN_OBJC_LITERAL_CONVERSION = YES;
				CLANG_WARN_OBJC_ROOT_CLASS = YES_ERROR;
				CLANG_WARN_QUOTED_INCLUDE_IN_FRAMEWORK_HEADER = YES;
				CLANG_WARN_RANGE_LOOP_ANALYSIS = YES;
				CLANG_WARN_STRICT_PROTOTYPES = YES;
				CLANG_WARN_SUSPICIOUS_MOVE = YES;
				CLANG_WARN_UNGUARDED_AVAILABILITY = YES_AGGRESSIVE;
				CLANG_WARN_UNREACHABLE_CODE = YES;
				CLANG_WARN__DUPLICATE_METHOD_MATCH = YES;
				COPY_PHASE_STRIP = NO;
				DEBUG_INFORMATION_FORMAT = dwarf;
				ENABLE_STRICT_OBJC_MSGSEND = YES;
				ENABLE_TESTABILITY = YES;
				ENABLE_USER_SCRIPT_SANDBOXING = YES;
				GCC_C_LANGUAGE_STANDARD = gnu17;
				GCC_DYNAMIC_NO_PIC = NO;
				GCC_NO_COMMON_BLOCKS = YES;
				GCC_OPTIMIZATION_LEVEL = 0;
				GCC_PREPROCESSOR_DEFINITIONS = (
					"DEBUG=1",
					"$(inherited)",
				);
				GCC_WARN_64_TO_32_BIT_CONVERSION = YES;
				GCC_WARN_ABOUT_RETURN_TYPE = YES_ERROR;
				GCC_WARN_UNDECLARED_SELECTOR = YES;
				GCC_WARN_UNINITIALIZED_AUTOS = YES_AGGRESSIVE;
				GCC_WARN_UNUSED_FUNCTION = YES;
				GCC_WARN_UNUSED_VARIABLE = YES;
				IPHONEOS_DEPLOYMENT_TARGET = 17.2;
				LOCALIZATION_PREFERS_STRING_CATALOGS = YES;
				MTL_ENABLE_DEBUG_INFO = INCLUDE_SOURCE;
				MTL_FAST_MATH = YES;
				ONLY_ACTIVE_ARCH = YES;
				SDKROOT = iphoneos;
				SWIFT_ACTIVE_COMPILATION_CONDITIONS = "DEBUG $(inherited)";
				SWIFT_OPTIMIZATION_LEVEL = "-Onone";
			};
			name = Debug;
		};
		53CEACF12B69EB8D00A99576 /* Release */ = {
			isa = XCBuildConfiguration;
			buildSettings = {
				ALWAYS_SEARCH_USER_PATHS = NO;
				ASSETCATALOG_COMPILER_GENERATE_SWIFT_ASSET_SYMBOL_EXTENSIONS = YES;
				CLANG_ANALYZER_NONNULL = YES;
				CLANG_ANALYZER_NUMBER_OBJECT_CONVERSION = YES_AGGRESSIVE;
				CLANG_CXX_LANGUAGE_STANDARD = "gnu++20";
				CLANG_ENABLE_MODULES = YES;
				CLANG_ENABLE_OBJC_ARC = YES;
				CLANG_ENABLE_OBJC_WEAK = YES;
				CLANG_WARN_BLOCK_CAPTURE_AUTORELEASING = YES;
				CLANG_WARN_BOOL_CONVERSION = YES;
				CLANG_WARN_COMMA = YES;
				CLANG_WARN_CONSTANT_CONVERSION = YES;
				CLANG_WARN_DEPRECATED_OBJC_IMPLEMENTATIONS = YES;
				CLANG_WARN_DIRECT_OBJC_ISA_USAGE = YES_ERROR;
				CLANG_WARN_DOCUMENTATION_COMMENTS = YES;
				CLANG_WARN_EMPTY_BODY = YES;
				CLANG_WARN_ENUM_CONVERSION = YES;
				CLANG_WARN_INFINITE_RECURSION = YES;
				CLANG_WARN_INT_CONVERSION = YES;
				CLANG_WARN_NON_LITERAL_NULL_CONVERSION = YES;
				CLANG_WARN_OBJC_IMPLICIT_RETAIN_SELF = YES;
				CLANG_WARN_OBJC_LITERAL_CONVERSION = YES;
				CLANG_WARN_OBJC_ROOT_CLASS = YES_ERROR;
				CLANG_WARN_QUOTED_INCLUDE_IN_FRAMEWORK_HEADER = YES;
				CLANG_WARN_RANGE_LOOP_ANALYSIS = YES;
				CLANG_WARN_STRICT_PROTOTYPES = YES;
				CLANG_WARN_SUSPICIOUS_MOVE = YES;
				CLANG_WARN_UNGUARDED_AVAILABILITY = YES_AGGRESSIVE;
				CLANG_WARN_UNREACHABLE_CODE = YES;
				CLANG_WARN__DUPLICATE_METHOD_MATCH = YES;
				COPY_PHASE_STRIP = NO;
				DEBUG_INFORMATION_FORMAT = "dwarf-with-dsym";
				ENABLE_NS_ASSERTIONS = NO;
				ENABLE_STRICT_OBJC_MSGSEND = YES;
				ENABLE_USER_SCRIPT_SANDBOXING = YES;
				GCC_C_LANGUAGE_STANDARD = gnu17;
				GCC_NO_COMMON_BLOCKS = YES;
				GCC_WARN_64_TO_32_BIT_CONVERSION = YES;
				GCC_WARN_ABOUT_RETURN_TYPE = YES_ERROR;
				GCC_WARN_UNDECLARED_SELECTOR = YES;
				GCC_WARN_UNINITIALIZED_AUTOS = YES_AGGRESSIVE;
				GCC_WARN_UNUSED_FUNCTION = YES;
				GCC_WARN_UNUSED_VARIABLE = YES;
				IPHONEOS_DEPLOYMENT_TARGET = 17.2;
				LOCALIZATION_PREFERS_STRING_CATALOGS = YES;
				MTL_ENABLE_DEBUG_INFO = NO;
				MTL_FAST_MATH = YES;
				SDKROOT = iphoneos;
				SWIFT_COMPILATION_MODE = wholemodule;
				VALIDATE_PRODUCT = YES;
			};
			name = Release;
		};
		53CEACF32B69EB8D00A99576 /* Debug */ = {
			isa = XCBuildConfiguration;
			baseConfigurationReference = 53CEAD0B2B69EBF400A99576 /* PrographySecrets.xcconfig */;
			buildSettings = {
				ASSETCATALOG_COMPILER_APPICON_NAME = AppIcon;
				ASSETCATALOG_COMPILER_GLOBAL_ACCENT_COLOR_NAME = AccentColor;
				CODE_SIGN_STYLE = Automatic;
				CURRENT_PROJECT_VERSION = 1;
				DEVELOPMENT_ASSET_PATHS = "\"Prography/Preview Content\"";
				DEVELOPMENT_TEAM = CX8P4D8Z7M;
				ENABLE_PREVIEWS = YES;
				GENERATE_INFOPLIST_FILE = YES;
				INFOPLIST_FILE = Prography/Info.plist;
				INFOPLIST_KEY_UIApplicationSceneManifest_Generation = YES;
				INFOPLIST_KEY_UIApplicationSupportsIndirectInputEvents = YES;
				INFOPLIST_KEY_UILaunchScreen_Generation = YES;
				INFOPLIST_KEY_UISupportedInterfaceOrientations_iPad = "UIInterfaceOrientationPortrait UIInterfaceOrientationPortraitUpsideDown UIInterfaceOrientationLandscapeLeft UIInterfaceOrientationLandscapeRight";
				INFOPLIST_KEY_UISupportedInterfaceOrientations_iPhone = "UIInterfaceOrientationPortrait UIInterfaceOrientationLandscapeLeft UIInterfaceOrientationLandscapeRight";
				LD_RUNPATH_SEARCH_PATHS = (
					"$(inherited)",
					"@executable_path/Frameworks",
				);
				MARKETING_VERSION = 1.0;
				PRODUCT_BUNDLE_IDENTIFIER = sk.Prography;
				PRODUCT_NAME = "$(TARGET_NAME)";
				SWIFT_EMIT_LOC_STRINGS = YES;
				SWIFT_VERSION = 5.0;
				TARGETED_DEVICE_FAMILY = "1,2";
			};
			name = Debug;
		};
		53CEACF42B69EB8D00A99576 /* Release */ = {
			isa = XCBuildConfiguration;
			buildSettings = {
				ASSETCATALOG_COMPILER_APPICON_NAME = AppIcon;
				ASSETCATALOG_COMPILER_GLOBAL_ACCENT_COLOR_NAME = AccentColor;
				CODE_SIGN_STYLE = Automatic;
				CURRENT_PROJECT_VERSION = 1;
				DEVELOPMENT_ASSET_PATHS = "\"Prography/Preview Content\"";
				DEVELOPMENT_TEAM = CX8P4D8Z7M;
				ENABLE_PREVIEWS = YES;
				GENERATE_INFOPLIST_FILE = YES;
				INFOPLIST_FILE = Prography/Info.plist;
				INFOPLIST_KEY_UIApplicationSceneManifest_Generation = YES;
				INFOPLIST_KEY_UIApplicationSupportsIndirectInputEvents = YES;
				INFOPLIST_KEY_UILaunchScreen_Generation = YES;
				INFOPLIST_KEY_UISupportedInterfaceOrientations_iPad = "UIInterfaceOrientationPortrait UIInterfaceOrientationPortraitUpsideDown UIInterfaceOrientationLandscapeLeft UIInterfaceOrientationLandscapeRight";
				INFOPLIST_KEY_UISupportedInterfaceOrientations_iPhone = "UIInterfaceOrientationPortrait UIInterfaceOrientationLandscapeLeft UIInterfaceOrientationLandscapeRight";
				LD_RUNPATH_SEARCH_PATHS = (
					"$(inherited)",
					"@executable_path/Frameworks",
				);
				MARKETING_VERSION = 1.0;
				PRODUCT_BUNDLE_IDENTIFIER = sk.Prography;
				PRODUCT_NAME = "$(TARGET_NAME)";
				SWIFT_EMIT_LOC_STRINGS = YES;
				SWIFT_VERSION = 5.0;
				TARGETED_DEVICE_FAMILY = "1,2";
			};
			name = Release;
		};
/* End XCBuildConfiguration section */

/* Begin XCConfigurationList section */
		53CEACDF2B69EB8B00A99576 /* Build configuration list for PBXProject "Prography" */ = {
			isa = XCConfigurationList;
			buildConfigurations = (
				53CEACF02B69EB8D00A99576 /* Debug */,
				53CEACF12B69EB8D00A99576 /* Release */,
			);
			defaultConfigurationIsVisible = 0;
			defaultConfigurationName = Release;
		};
		53CEACF22B69EB8D00A99576 /* Build configuration list for PBXNativeTarget "Prography" */ = {
			isa = XCConfigurationList;
			buildConfigurations = (
				53CEACF32B69EB8D00A99576 /* Debug */,
				53CEACF42B69EB8D00A99576 /* Release */,
			);
			defaultConfigurationIsVisible = 0;
			defaultConfigurationName = Release;
		};
/* End XCConfigurationList section */
	};
	rootObject = 53CEACDC2B69EB8B00A99576 /* Project object */;
}
